
Microsoft Visual Studio Solution File, Format Version 12.00
# Visual Studio Version 16
VisualStudioVersion = 16.0.29519.87
MinimumVisualStudioVersion = 10.0.40219.1
Project("{FAE04EC0-301F-11D3-BF4B-00C04F79EFBC}") = "Website", "Website\Website.csproj", "{2F399273-2E38-42D6-AFB0-655957B6526E}"
EndProject
Global
	GlobalSection(SolutionConfigurationPlatforms) = preSolution
		Debug|Any CPU = Debug|Any CPU
		Release|Any CPU = Release|Any CPU
	EndGlobalSection
	GlobalSection(ProjectConfigurationPlatforms) = postSolution
		{2F399273-2E38-42D6-AFB0-655957B6526E}.Debug|Any CPU.ActiveCfg = Debug|Any CPU
		{2F399273-2E38-42D6-AFB0-655957B6526E}.Debug|Any CPU.Build.0 = Debug|Any CPU
		{2F399273-2E38-42D6-AFB0-655957B6526E}.Release|Any CPU.ActiveCfg = Release|Any CPU
		{2F399273-2E38-42D6-AFB0-655957B6526E}.Release|Any CPU.Build.0 = Release|Any CPU
	EndGlobalSection
	GlobalSection(SolutionProperties) = preSolution
		HideSolutionNode = FALSE
	EndGlobalSection
	GlobalSection(ExtensibilityGlobals) = postSolution
		SolutionGuid = {0403BAB7-DC2A-47AE-B79B-72EE94F8A1B5}
	EndGlobalSection
EndGlobal
